{
  "name": "tutors-marketplace",
  "version": "1.0.0",
  "lockfileVersion": 1,
  "requires": true,
  "dependencies": {
    "@hyperionbt/helios": {
      "version": "0.13.37",
      "resolved": "https://registry.npmjs.org/@hyperionbt/helios/-/helios-0.13.37.tgz",
      "integrity": "sha512-AbiUbLDadb1vf284xyH1QWAkwDUkRKdi5hbaBc5PlYlY/DnhqF3163cltA2Od3nnFpMNRttIK5UfBdrggpz7VA=="
    }
  }
}
